
Microsoft Visual Studio Solution File, Format Version 11.00
# Visual Studio 2010
Project("{54435603-DBB4-11D2-8724-00A0C9A8B90C}") = "setupx64", "setupx64.vdproj", "{87F2BC4D-5122-4683-A4F9-8412B680AFEB}"
EndProject
Global
	GlobalSection(SolutionConfigurationPlatforms) = preSolution
		Debug|Default = Debug|Default
		Release|Default = Release|Default
	EndGlobalSection
	GlobalSection(ProjectConfigurationPlatforms) = postSolution
		{87F2BC4D-5122-4683-A4F9-8412B680AFEB}.Debug|Default.ActiveCfg = Debug
		{87F2BC4D-5122-4683-A4F9-8412B680AFEB}.Debug|Default.Build.0 = Debug
		{87F2BC4D-5122-4683-A4F9-8412B680AFEB}.Release|Default.ActiveCfg = Release
		{87F2BC4D-5122-4683-A4F9-8412B680AFEB}.Release|Default.Build.0 = Release
	EndGlobalSection
	GlobalSection(SolutionProperties) = preSolution
		HideSolutionNode = FALSE
	EndGlobalSection
EndGlobal
