
Microsoft Visual Studio Solution File, Format Version 11.00
# Visual C++ Express 2010
Project("{8BC9CEB8-8B4A-11D0-8D11-00A0C91BC942}") = "librudiments", "librudiments.vcxproj", "{6735FCEF-51B8-534D-7756-AADCD5C5F6E5}"
EndProject
Project("{8BC9CEB8-8B4A-11D0-8D11-00A0C91BC942}") = "charstring", "charstring\charstring.vcxproj", "{76A0541E-DD99-4116-9A3C-6B710E6202CB}"
EndProject
Project("{8BC9CEB8-8B4A-11D0-8D11-00A0C91BC942}") = "rawbuffer", "rawbuffer\rawbuffer.vcxproj", "{E712D8DA-9D4A-4AE8-B078-FF76472E322D}"
EndProject
Global
	GlobalSection(SolutionConfigurationPlatforms) = preSolution
		Debug|Win32 = Debug|Win32
		Release|Win32 = Release|Win32
	EndGlobalSection
	GlobalSection(ProjectConfigurationPlatforms) = postSolution
		{6735FCEF-51B8-534D-7756-AADCD5C5F6E5}.Debug|Win32.ActiveCfg = Debug|Win32
		{6735FCEF-51B8-534D-7756-AADCD5C5F6E5}.Debug|Win32.Build.0 = Debug|Win32
		{6735FCEF-51B8-534D-7756-AADCD5C5F6E5}.Release|Win32.ActiveCfg = Release|Win32
		{6735FCEF-51B8-534D-7756-AADCD5C5F6E5}.Release|Win32.Build.0 = Release|Win32
		{76A0541E-DD99-4116-9A3C-6B710E6202CB}.Debug|Win32.ActiveCfg = Debug|Win32
		{76A0541E-DD99-4116-9A3C-6B710E6202CB}.Debug|Win32.Build.0 = Debug|Win32
		{76A0541E-DD99-4116-9A3C-6B710E6202CB}.Release|Win32.ActiveCfg = Release|Win32
		{76A0541E-DD99-4116-9A3C-6B710E6202CB}.Release|Win32.Build.0 = Release|Win32
		{E712D8DA-9D4A-4AE8-B078-FF76472E322D}.Debug|Win32.ActiveCfg = Debug|Win32
		{E712D8DA-9D4A-4AE8-B078-FF76472E322D}.Debug|Win32.Build.0 = Debug|Win32
		{E712D8DA-9D4A-4AE8-B078-FF76472E322D}.Release|Win32.ActiveCfg = Release|Win32
		{E712D8DA-9D4A-4AE8-B078-FF76472E322D}.Release|Win32.Build.0 = Release|Win32
	EndGlobalSection
	GlobalSection(SolutionProperties) = preSolution
		HideSolutionNode = FALSE
	EndGlobalSection
EndGlobal
