
Microsoft Visual Studio Solution File, Format Version 11.00
# Visual Studio 2010
Project("{54435603-DBB4-11D2-8724-00A0C9A8B90C}") = "setupx86", "setupx86\setupx86.vdproj", "{BFD15A95-CAE5-4BDB-A53A-CB704B039EE0}"
EndProject
Project("{54435603-DBB4-11D2-8724-00A0C9A8B90C}") = "setupx64", "setupx64\setupx64.vdproj", "{9B43E69D-833D-4EE3-8628-E02E72123D66}"
EndProject
Global
	GlobalSection(SolutionConfigurationPlatforms) = preSolution
		Release|Win32 = Release|Win32
		Release|x64 = Release|x64
	EndGlobalSection
	GlobalSection(ProjectConfigurationPlatforms) = postSolution
		{BFD15A95-CAE5-4BDB-A53A-CB704B039EE0}.Release|Win32.ActiveCfg = Release
		{BFD15A95-CAE5-4BDB-A53A-CB704B039EE0}.Release|x64.ActiveCfg = Release
		{9B43E69D-833D-4EE3-8628-E02E72123D66}.Release|Win32.ActiveCfg = Release
		{9B43E69D-833D-4EE3-8628-E02E72123D66}.Release|x64.ActiveCfg = Release
	EndGlobalSection
	GlobalSection(SolutionProperties) = preSolution
		HideSolutionNode = FALSE
	EndGlobalSection
EndGlobal
