
Microsoft Visual Studio Solution File, Format Version 11.00
# Visual Studio 2010
Project("{54435603-DBB4-11D2-8724-00A0C9A8B90C}") = "setupx86", "setupx86.vdproj", "{03667C72-2843-4510-AE88-A42345AC2B9D}"
EndProject
Global
	GlobalSection(SolutionConfigurationPlatforms) = preSolution
		Debug|Default = Debug|Default
		Release|Default = Release|Default
	EndGlobalSection
	GlobalSection(ProjectConfigurationPlatforms) = postSolution
		{03667C72-2843-4510-AE88-A42345AC2B9D}.Debug|Default.ActiveCfg = Debug
		{03667C72-2843-4510-AE88-A42345AC2B9D}.Debug|Default.Build.0 = Debug
		{03667C72-2843-4510-AE88-A42345AC2B9D}.Release|Default.ActiveCfg = Release
		{03667C72-2843-4510-AE88-A42345AC2B9D}.Release|Default.Build.0 = Release
	EndGlobalSection
	GlobalSection(SolutionProperties) = preSolution
		HideSolutionNode = FALSE
	EndGlobalSection
EndGlobal
